
Microsoft Visual Studio Solution File, Format Version 12.00
# Visual Studio Version 17
VisualStudioVersion = 17.0.31903.59
MinimumVisualStudioVersion = 10.0.40219.1
Project("{2150E333-8FDC-42A3-9474-1A3956D46DE8}") = "src", "src", "{827E0CD3-B72D-47B6-A68D-7590B98EB39B}"
EndProject
Project("{FAE04EC0-301F-11D3-BF4B-00C04F79EFBC}") = "umg_basic_rover_api", "src\umg_basic_rover_api\umg_basic_rover_api.csproj", "{65A782A9-EE86-42CF-8B9F-CBCC49643D82}"
EndProject
Project("{FAE04EC0-301F-11D3-BF4B-00C04F79EFBC}") = "umg_basic_rover_application", "src\umg_basic_rover_application\umg_basic_rover_application.csproj", "{23AA0B3C-FA3C-4320-BED9-C8131DDC4A13}"
EndProject
Project("{FAE04EC0-301F-11D3-BF4B-00C04F79EFBC}") = "umg_basic_rover_domain", "src\umg_basic_rover_domain\umg_basic_rover_domain.csproj", "{815EF4FA-6E5A-4FA2-AEDA-BF41AC0DE40E}"
EndProject
Project("{FAE04EC0-301F-11D3-BF4B-00C04F79EFBC}") = "umg_basic_rover_infrastructure", "src\umg_basic_rover_infrastructure\umg_basic_rover_infrastructure.csproj", "{C3C92DC3-EDF7-497C-8E7F-EA87C4C80C2E}"
EndProject
Global
	GlobalSection(SolutionConfigurationPlatforms) = preSolution
		Debug|Any CPU = Debug|Any CPU
		Debug|x64 = Debug|x64
		Debug|x86 = Debug|x86
		Release|Any CPU = Release|Any CPU
		Release|x64 = Release|x64
		Release|x86 = Release|x86
	EndGlobalSection
	GlobalSection(ProjectConfigurationPlatforms) = postSolution
		{65A782A9-EE86-42CF-8B9F-CBCC49643D82}.Debug|Any CPU.ActiveCfg = Debug|Any CPU
		{65A782A9-EE86-42CF-8B9F-CBCC49643D82}.Debug|Any CPU.Build.0 = Debug|Any CPU
		{65A782A9-EE86-42CF-8B9F-CBCC49643D82}.Debug|x64.ActiveCfg = Debug|Any CPU
		{65A782A9-EE86-42CF-8B9F-CBCC49643D82}.Debug|x64.Build.0 = Debug|Any CPU
		{65A782A9-EE86-42CF-8B9F-CBCC49643D82}.Debug|x86.ActiveCfg = Debug|Any CPU
		{65A782A9-EE86-42CF-8B9F-CBCC49643D82}.Debug|x86.Build.0 = Debug|Any CPU
		{65A782A9-EE86-42CF-8B9F-CBCC49643D82}.Release|Any CPU.ActiveCfg = Release|Any CPU
		{65A782A9-EE86-42CF-8B9F-CBCC49643D82}.Release|Any CPU.Build.0 = Release|Any CPU
		{65A782A9-EE86-42CF-8B9F-CBCC49643D82}.Release|x64.ActiveCfg = Release|Any CPU
		{65A782A9-EE86-42CF-8B9F-CBCC49643D82}.Release|x64.Build.0 = Release|Any CPU
		{65A782A9-EE86-42CF-8B9F-CBCC49643D82}.Release|x86.ActiveCfg = Release|Any CPU
		{65A782A9-EE86-42CF-8B9F-CBCC49643D82}.Release|x86.Build.0 = Release|Any CPU
		{23AA0B3C-FA3C-4320-BED9-C8131DDC4A13}.Debug|Any CPU.ActiveCfg = Debug|Any CPU
		{23AA0B3C-FA3C-4320-BED9-C8131DDC4A13}.Debug|Any CPU.Build.0 = Debug|Any CPU
		{23AA0B3C-FA3C-4320-BED9-C8131DDC4A13}.Debug|x64.ActiveCfg = Debug|Any CPU
		{23AA0B3C-FA3C-4320-BED9-C8131DDC4A13}.Debug|x64.Build.0 = Debug|Any CPU
		{23AA0B3C-FA3C-4320-BED9-C8131DDC4A13}.Debug|x86.ActiveCfg = Debug|Any CPU
		{23AA0B3C-FA3C-4320-BED9-C8131DDC4A13}.Debug|x86.Build.0 = Debug|Any CPU
		{23AA0B3C-FA3C-4320-BED9-C8131DDC4A13}.Release|Any CPU.ActiveCfg = Release|Any CPU
		{23AA0B3C-FA3C-4320-BED9-C8131DDC4A13}.Release|Any CPU.Build.0 = Release|Any CPU
		{23AA0B3C-FA3C-4320-BED9-C8131DDC4A13}.Release|x64.ActiveCfg = Release|Any CPU
		{23AA0B3C-FA3C-4320-BED9-C8131DDC4A13}.Release|x64.Build.0 = Release|Any CPU
		{23AA0B3C-FA3C-4320-BED9-C8131DDC4A13}.Release|x86.ActiveCfg = Release|Any CPU
		{23AA0B3C-FA3C-4320-BED9-C8131DDC4A13}.Release|x86.Build.0 = Release|Any CPU
		{815EF4FA-6E5A-4FA2-AEDA-BF41AC0DE40E}.Debug|Any CPU.ActiveCfg = Debug|Any CPU
		{815EF4FA-6E5A-4FA2-AEDA-BF41AC0DE40E}.Debug|Any CPU.Build.0 = Debug|Any CPU
		{815EF4FA-6E5A-4FA2-AEDA-BF41AC0DE40E}.Debug|x64.ActiveCfg = Debug|Any CPU
		{815EF4FA-6E5A-4FA2-AEDA-BF41AC0DE40E}.Debug|x64.Build.0 = Debug|Any CPU
		{815EF4FA-6E5A-4FA2-AEDA-BF41AC0DE40E}.Debug|x86.ActiveCfg = Debug|Any CPU
		{815EF4FA-6E5A-4FA2-AEDA-BF41AC0DE40E}.Debug|x86.Build.0 = Debug|Any CPU
		{815EF4FA-6E5A-4FA2-AEDA-BF41AC0DE40E}.Release|Any CPU.ActiveCfg = Release|Any CPU
		{815EF4FA-6E5A-4FA2-AEDA-BF41AC0DE40E}.Release|Any CPU.Build.0 = Release|Any CPU
		{815EF4FA-6E5A-4FA2-AEDA-BF41AC0DE40E}.Release|x64.ActiveCfg = Release|Any CPU
		{815EF4FA-6E5A-4FA2-AEDA-BF41AC0DE40E}.Release|x64.Build.0 = Release|Any CPU
		{815EF4FA-6E5A-4FA2-AEDA-BF41AC0DE40E}.Release|x86.ActiveCfg = Release|Any CPU
		{815EF4FA-6E5A-4FA2-AEDA-BF41AC0DE40E}.Release|x86.Build.0 = Release|Any CPU
		{C3C92DC3-EDF7-497C-8E7F-EA87C4C80C2E}.Debug|Any CPU.ActiveCfg = Debug|Any CPU
		{C3C92DC3-EDF7-497C-8E7F-EA87C4C80C2E}.Debug|Any CPU.Build.0 = Debug|Any CPU
		{C3C92DC3-EDF7-497C-8E7F-EA87C4C80C2E}.Debug|x64.ActiveCfg = Debug|Any CPU
		{C3C92DC3-EDF7-497C-8E7F-EA87C4C80C2E}.Debug|x64.Build.0 = Debug|Any CPU
		{C3C92DC3-EDF7-497C-8E7F-EA87C4C80C2E}.Debug|x86.ActiveCfg = Debug|Any CPU
		{C3C92DC3-EDF7-497C-8E7F-EA87C4C80C2E}.Debug|x86.Build.0 = Debug|Any CPU
		{C3C92DC3-EDF7-497C-8E7F-EA87C4C80C2E}.Release|Any CPU.ActiveCfg = Release|Any CPU
		{C3C92DC3-EDF7-497C-8E7F-EA87C4C80C2E}.Release|Any CPU.Build.0 = Release|Any CPU
		{C3C92DC3-EDF7-497C-8E7F-EA87C4C80C2E}.Release|x64.ActiveCfg = Release|Any CPU
		{C3C92DC3-EDF7-497C-8E7F-EA87C4C80C2E}.Release|x64.Build.0 = Release|Any CPU
		{C3C92DC3-EDF7-497C-8E7F-EA87C4C80C2E}.Release|x86.ActiveCfg = Release|Any CPU
		{C3C92DC3-EDF7-497C-8E7F-EA87C4C80C2E}.Release|x86.Build.0 = Release|Any CPU
	EndGlobalSection
	GlobalSection(SolutionProperties) = preSolution
		HideSolutionNode = FALSE
	EndGlobalSection
	GlobalSection(NestedProjects) = preSolution
		{65A782A9-EE86-42CF-8B9F-CBCC49643D82} = {827E0CD3-B72D-47B6-A68D-7590B98EB39B}
		{23AA0B3C-FA3C-4320-BED9-C8131DDC4A13} = {827E0CD3-B72D-47B6-A68D-7590B98EB39B}
		{815EF4FA-6E5A-4FA2-AEDA-BF41AC0DE40E} = {827E0CD3-B72D-47B6-A68D-7590B98EB39B}
		{C3C92DC3-EDF7-497C-8E7F-EA87C4C80C2E} = {827E0CD3-B72D-47B6-A68D-7590B98EB39B}
	EndGlobalSection
EndGlobal
